version: 5
environments:
  default:
    channels:
    - url: https://conda.anaconda.org/conda-forge/
    packages:
      osx-64:
      - conda: https://conda.anaconda.org/conda-forge/noarch/alembic-1.13.2-pyhd8ed1ab_0.conda
      - conda: https://conda.anaconda.org/conda-forge/noarch/blinker-1.8.2-pyhd8ed1ab_0.conda
      - conda: https://conda.anaconda.org/conda-forge/osx-64/bzip2-1.0.8-h10d778d_5.conda
      - conda: https://conda.anaconda.org/conda-forge/osx-64/ca-certificates-2024.7.4-h8857fd0_0.conda
      - conda: https://conda.anaconda.org/conda-forge/noarch/click-8.1.7-unix_pyh707e725_0.conda
      - conda: https://conda.anaconda.org/conda-forge/noarch/flask-3.0.3-pyhd8ed1ab_0.conda
      - conda: https://conda.anaconda.org/conda-forge/noarch/flask-migrate-4.0.7-pyhd8ed1ab_0.conda
      - conda: https://conda.anaconda.org/conda-forge/noarch/flask-sqlalchemy-3.1.1-pyhd8ed1ab_0.conda
      - conda: https://conda.anaconda.org/conda-forge/osx-64/greenlet-3.0.3-py312hede676d_0.conda
      - conda: https://conda.anaconda.org/conda-forge/noarch/importlib-metadata-8.0.0-pyha770c72_0.conda
      - conda: https://conda.anaconda.org/conda-forge/noarch/importlib_resources-6.4.0-pyhd8ed1ab_0.conda
      - conda: https://conda.anaconda.org/conda-forge/noarch/itsdangerous-2.2.0-pyhd8ed1ab_0.conda
      - conda: https://conda.anaconda.org/conda-forge/noarch/jinja2-3.1.4-pyhd8ed1ab_0.conda
      - conda: https://conda.anaconda.org/conda-forge/osx-64/libblas-3.9.0-22_osx64_openblas.conda
      - conda: https://conda.anaconda.org/conda-forge/osx-64/libcblas-3.9.0-22_osx64_openblas.conda
      - conda: https://conda.anaconda.org/conda-forge/osx-64/libcxx-17.0.6-heb59cac_3.conda
      - conda: https://conda.anaconda.org/conda-forge/osx-64/libexpat-2.6.2-h73e2aa4_0.conda
      - conda: https://conda.anaconda.org/conda-forge/osx-64/libffi-3.4.2-h0d85af4_5.tar.bz2
      - conda: https://conda.anaconda.org/conda-forge/osx-64/libgfortran-5.0.0-13_2_0_h97931a8_3.conda
      - conda: https://conda.anaconda.org/conda-forge/osx-64/libgfortran5-13.2.0-h2873a65_3.conda
      - conda: https://conda.anaconda.org/conda-forge/osx-64/liblapack-3.9.0-22_osx64_openblas.conda
      - conda: https://conda.anaconda.org/conda-forge/osx-64/libopenblas-0.3.27-openmp_h8869122_1.conda
      - conda: https://conda.anaconda.org/conda-forge/osx-64/libsqlite-3.46.0-h1b8f9f3_0.conda
      - conda: https://conda.anaconda.org/conda-forge/osx-64/libzlib-1.3.1-h87427d6_1.conda
      - conda: https://conda.anaconda.org/conda-forge/osx-64/llvm-openmp-18.1.8-h15ab845_0.conda
      - conda: https://conda.anaconda.org/conda-forge/noarch/mako-1.3.5-pyhd8ed1ab_0.conda
      - conda: https://conda.anaconda.org/conda-forge/osx-64/markupsafe-2.1.5-py312h41838bb_0.conda
      - conda: https://conda.anaconda.org/conda-forge/osx-64/mysql-common-8.3.0-hfd7a639_4.conda
      - conda: https://conda.anaconda.org/conda-forge/osx-64/mysql-connector-python-8.3.0-py312hb406245_0.conda
      - conda: https://conda.anaconda.org/conda-forge/osx-64/mysql-libs-8.3.0-ha9146f8_4.conda
      - conda: https://conda.anaconda.org/conda-forge/osx-64/ncurses-6.5-h5846eda_0.conda
      - conda: https://conda.anaconda.org/conda-forge/osx-64/numpy-2.0.0-py312h8813227_0.conda
      - conda: https://conda.anaconda.org/conda-forge/osx-64/openssl-3.3.1-h87427d6_1.conda
      - conda: https://conda.anaconda.org/conda-forge/osx-64/python-3.12.4-h37a9e06_0_cpython.conda
      - conda: https://conda.anaconda.org/conda-forge/osx-64/python_abi-3.12-4_cp312.conda
      - conda: https://conda.anaconda.org/conda-forge/osx-64/readline-8.2-h9e318b2_1.conda
      - conda: https://conda.anaconda.org/conda-forge/osx-64/sqlalchemy-2.0.31-py312hbd25219_0.conda
      - conda: https://conda.anaconda.org/conda-forge/osx-64/tk-8.6.13-h1abcd95_1.conda
      - conda: https://conda.anaconda.org/conda-forge/noarch/typing-extensions-4.12.2-hd8ed1ab_0.conda
      - conda: https://conda.anaconda.org/conda-forge/noarch/typing_extensions-4.12.2-pyha770c72_0.conda
      - conda: https://conda.anaconda.org/conda-forge/noarch/tzdata-2024a-h0c530f3_0.conda
      - conda: https://conda.anaconda.org/conda-forge/noarch/werkzeug-3.0.3-pyhd8ed1ab_0.conda
      - conda: https://conda.anaconda.org/conda-forge/osx-64/xz-5.2.6-h775f41a_0.tar.bz2
      - conda: https://conda.anaconda.org/conda-forge/noarch/zipp-3.19.2-pyhd8ed1ab_0.conda
      - conda: https://conda.anaconda.org/conda-forge/osx-64/zstd-1.5.6-h915ae27_0.conda
      osx-arm64:
      - conda: https://conda.anaconda.org/conda-forge/noarch/alembic-1.13.2-pyhd8ed1ab_0.conda
      - conda: https://conda.anaconda.org/conda-forge/noarch/blinker-1.8.2-pyhd8ed1ab_0.conda
      - conda: https://conda.anaconda.org/conda-forge/osx-arm64/bzip2-1.0.8-h93a5062_5.conda
      - conda: https://conda.anaconda.org/conda-forge/osx-arm64/ca-certificates-2024.7.4-hf0a4a13_0.conda
      - conda: https://conda.anaconda.org/conda-forge/noarch/click-8.1.7-unix_pyh707e725_0.conda
      - conda: https://conda.anaconda.org/conda-forge/noarch/flask-3.0.3-pyhd8ed1ab_0.conda
      - conda: https://conda.anaconda.org/conda-forge/noarch/flask-migrate-4.0.7-pyhd8ed1ab_0.conda
      - conda: https://conda.anaconda.org/conda-forge/noarch/flask-sqlalchemy-3.1.1-pyhd8ed1ab_0.conda
      - conda: https://conda.anaconda.org/conda-forge/osx-arm64/greenlet-3.0.3-py312h20a0b95_0.conda
      - conda: https://conda.anaconda.org/conda-forge/noarch/importlib-metadata-8.0.0-pyha770c72_0.conda
      - conda: https://conda.anaconda.org/conda-forge/noarch/importlib_resources-6.4.0-pyhd8ed1ab_0.conda
      - conda: https://conda.anaconda.org/conda-forge/noarch/itsdangerous-2.2.0-pyhd8ed1ab_0.conda
      - conda: https://conda.anaconda.org/conda-forge/noarch/jinja2-3.1.4-pyhd8ed1ab_0.conda
      - conda: https://conda.anaconda.org/conda-forge/osx-arm64/libblas-3.9.0-22_osxarm64_openblas.conda
      - conda: https://conda.anaconda.org/conda-forge/osx-arm64/libcblas-3.9.0-22_osxarm64_openblas.conda
      - conda: https://conda.anaconda.org/conda-forge/osx-arm64/libcxx-17.0.6-h0812c0d_3.conda
      - conda: https://conda.anaconda.org/conda-forge/osx-arm64/libexpat-2.6.2-hebf3989_0.conda
      - conda: https://conda.anaconda.org/conda-forge/osx-arm64/libffi-3.4.2-h3422bc3_5.tar.bz2
      - conda: https://conda.anaconda.org/conda-forge/osx-arm64/libgfortran-5.0.0-13_2_0_hd922786_3.conda
      - conda: https://conda.anaconda.org/conda-forge/osx-arm64/libgfortran5-13.2.0-hf226fd6_3.conda
      - conda: https://conda.anaconda.org/conda-forge/osx-arm64/liblapack-3.9.0-22_osxarm64_openblas.conda
      - conda: https://conda.anaconda.org/conda-forge/osx-arm64/libopenblas-0.3.27-openmp_h6c19121_0.conda
      - conda: https://conda.anaconda.org/conda-forge/osx-arm64/libsqlite-3.46.0-hfb93653_0.conda
      - conda: https://conda.anaconda.org/conda-forge/osx-arm64/libzlib-1.3.1-hfb2fe0b_1.conda
      - conda: https://conda.anaconda.org/conda-forge/osx-arm64/llvm-openmp-18.1.8-hde57baf_0.conda
      - conda: https://conda.anaconda.org/conda-forge/noarch/mako-1.3.5-pyhd8ed1ab_0.conda
      - conda: https://conda.anaconda.org/conda-forge/osx-arm64/markupsafe-2.1.5-py312he37b823_0.conda
      - conda: https://conda.anaconda.org/conda-forge/osx-arm64/mysql-common-8.3.0-hd1853d3_4.conda
      - conda: https://conda.anaconda.org/conda-forge/osx-arm64/mysql-connector-python-8.3.0-py312h20a0b95_0.conda
      - conda: https://conda.anaconda.org/conda-forge/osx-arm64/mysql-libs-8.3.0-hf036fc4_4.conda
      - conda: https://conda.anaconda.org/conda-forge/osx-arm64/ncurses-6.5-hb89a1cb_0.conda
      - conda: https://conda.anaconda.org/conda-forge/osx-arm64/numpy-2.0.0-py312hb544834_0.conda
      - conda: https://conda.anaconda.org/conda-forge/osx-arm64/openssl-3.3.1-hfb2fe0b_1.conda
      - conda: https://conda.anaconda.org/conda-forge/osx-arm64/python-3.12.4-h30c5eda_0_cpython.conda
      - conda: https://conda.anaconda.org/conda-forge/osx-arm64/python_abi-3.12-4_cp312.conda
      - conda: https://conda.anaconda.org/conda-forge/osx-arm64/readline-8.2-h92ec313_1.conda
      - conda: https://conda.anaconda.org/conda-forge/osx-arm64/sqlalchemy-2.0.31-py312h7e5086c_0.conda
      - conda: https://conda.anaconda.org/conda-forge/osx-arm64/tk-8.6.13-h5083fa2_1.conda
      - conda: https://conda.anaconda.org/conda-forge/noarch/typing-extensions-4.12.2-hd8ed1ab_0.conda
      - conda: https://conda.anaconda.org/conda-forge/noarch/typing_extensions-4.12.2-pyha770c72_0.conda
      - conda: https://conda.anaconda.org/conda-forge/noarch/tzdata-2024a-h0c530f3_0.conda
      - conda: https://conda.anaconda.org/conda-forge/noarch/werkzeug-3.0.3-pyhd8ed1ab_0.conda
      - conda: https://conda.anaconda.org/conda-forge/osx-arm64/xz-5.2.6-h57fd34a_0.tar.bz2
      - conda: https://conda.anaconda.org/conda-forge/noarch/zipp-3.19.2-pyhd8ed1ab_0.conda
      - conda: https://conda.anaconda.org/conda-forge/osx-arm64/zstd-1.5.6-hb46c0d2_0.conda
packages:
- kind: conda
  name: alembic
  version: 1.13.2
  build: pyhd8ed1ab_0
  subdir: noarch
  noarch: python
  url: https://conda.anaconda.org/conda-forge/noarch/alembic-1.13.2-pyhd8ed1ab_0.conda
  sha256: 96fd39cb4500542556bbef01130033bad75c637a6f573eb7b043d15a3f7b02ff
  md5: 0045ed5e28a7f2c252a30442408b36c4
  depends:
  - importlib-metadata
  - importlib_resources
  - mako
  - python >=3.8
  - sqlalchemy >=1.3.0
  - typing-extensions >=4
  license: MIT
  license_family: MIT
  size: 159141
  timestamp: 1719471521359
- kind: conda
  name: blinker
  version: 1.8.2
  build: pyhd8ed1ab_0
  subdir: noarch
  noarch: python
  url: https://conda.anaconda.org/conda-forge/noarch/blinker-1.8.2-pyhd8ed1ab_0.conda
  sha256: 8ca3cd8f78d0607df28c9f76adb9800348f8f2dc8aa49d188a995a0acdc4477d
  md5: cf85c002319c15e9721934104aaa1137
  depends:
  - python >=3.8
  license: MIT
  license_family: MIT
  size: 14707
  timestamp: 1715091300511
- kind: conda
  name: bzip2
  version: 1.0.8
  build: h10d778d_5
  build_number: 5
  subdir: osx-64
  url: https://conda.anaconda.org/conda-forge/osx-64/bzip2-1.0.8-h10d778d_5.conda
  sha256: 61fb2b488928a54d9472113e1280b468a309561caa54f33825a3593da390b242
  md5: 6097a6ca9ada32699b5fc4312dd6ef18
  license: bzip2-1.0.6
  license_family: BSD
  size: 127885
  timestamp: 1699280178474
- kind: conda
  name: bzip2
  version: 1.0.8
  build: h93a5062_5
  build_number: 5
  subdir: osx-arm64
  url: https://conda.anaconda.org/conda-forge/osx-arm64/bzip2-1.0.8-h93a5062_5.conda
  sha256: bfa84296a638bea78a8bb29abc493ee95f2a0218775642474a840411b950fe5f
  md5: 1bbc659ca658bfd49a481b5ef7a0f40f
  license: bzip2-1.0.6
  license_family: BSD
  size: 122325
  timestamp: 1699280294368
- kind: conda
  name: ca-certificates
  version: 2024.7.4
  build: h8857fd0_0
  subdir: osx-64
  url: https://conda.anaconda.org/conda-forge/osx-64/ca-certificates-2024.7.4-h8857fd0_0.conda
  sha256: d16f46c489cb3192305c7d25b795333c5fc17bb0986de20598ed519f8c9cc9e4
  md5: 7df874a4b05b2d2b82826190170eaa0f
  license: ISC
  size: 154473
  timestamp: 1720077510541
- kind: conda
  name: ca-certificates
  version: 2024.7.4
  build: hf0a4a13_0
  subdir: osx-arm64
  url: https://conda.anaconda.org/conda-forge/osx-arm64/ca-certificates-2024.7.4-hf0a4a13_0.conda
  sha256: 33a61116dae7f369b6ce92a7f2a1ff361ae737c675a493b11feb5570b89e0e3b
  md5: 21f9a33e5fe996189e470c19c5354dbe
  license: ISC
  size: 154517
  timestamp: 1720077468981
- kind: conda
  name: click
  version: 8.1.7
  build: unix_pyh707e725_0
  subdir: noarch
  noarch: python
  url: https://conda.anaconda.org/conda-forge/noarch/click-8.1.7-unix_pyh707e725_0.conda
  sha256: f0016cbab6ac4138a429e28dbcb904a90305b34b3fe41a9b89d697c90401caec
  md5: f3ad426304898027fc619827ff428eca
  depends:
  - __unix
  - python >=3.8
  license: BSD-3-Clause
  license_family: BSD
  size: 84437
  timestamp: 1692311973840
- kind: conda
  name: flask
  version: 3.0.3
  build: pyhd8ed1ab_0
  subdir: noarch
  noarch: python
  url: https://conda.anaconda.org/conda-forge/noarch/flask-3.0.3-pyhd8ed1ab_0.conda
  sha256: 2fc508f656fe52cb2f9a69c9c62077934d6a81510256dbe85f95beb7d9620238
  md5: dcdb937144fa20d7757bf512db1ea769
  depends:
  - blinker >=1.6.2
  - click >=8.1.3
  - importlib-metadata >=3.6.0
  - itsdangerous >=2.1.2
  - jinja2 >=3.1.2
  - python >=3.8
  - werkzeug >=3.0.0
  license: BSD-3-Clause
  license_family: BSD
  size: 80797
  timestamp: 1712667841142
- kind: conda
  name: flask-migrate
  version: 4.0.7
  build: pyhd8ed1ab_0
  subdir: noarch
  noarch: python
  url: https://conda.anaconda.org/conda-forge/noarch/flask-migrate-4.0.7-pyhd8ed1ab_0.conda
  sha256: bd42a1c179222acfcbbb15ef4c66de504c5571c726a74942c73dff6e4ac1233f
  md5: 0fc72bcf4b9da6cde3d35b996c140c91
  depends:
  - alembic >=0.6
  - flask >=0.9
  - flask-sqlalchemy >=1.0
  - python >=3.6
  license: MIT
  license_family: MIT
  size: 17632
  timestamp: 1710204114446
- kind: conda
  name: flask-sqlalchemy
  version: 3.1.1
  build: pyhd8ed1ab_0
  subdir: noarch
  noarch: python
  url: https://conda.anaconda.org/conda-forge/noarch/flask-sqlalchemy-3.1.1-pyhd8ed1ab_0.conda
  sha256: 77d907f968cea771c3edffd28ca6e288c0240e049282e2db4e9edcceaf8780b1
  md5: 637f23e71eea48258105b5da07d05047
  depends:
  - flask >=2.2.5
  - python >=3.8
  - sqlalchemy >=2.0.16
  license: BSD-3-Clause
  license_family: BSD
  size: 26071
  timestamp: 1719325726809
- kind: conda
  name: greenlet
  version: 3.0.3
  build: py312h20a0b95_0
  subdir: osx-arm64
  url: https://conda.anaconda.org/conda-forge/osx-arm64/greenlet-3.0.3-py312h20a0b95_0.conda
  sha256: d0e871c78eaaace5461ba4ce7e08546f7368840fa98cab91d705f246cc3b2b98
  md5: 92ca171dcc49aadb06ac7d1d68238633
  depends:
  - libcxx >=15
  - python >=3.12,<3.13.0a0
  - python >=3.12,<3.13.0a0 *_cpython
  - python_abi 3.12.* *_cp312
  license: MIT
  license_family: MIT
  size: 222406
  timestamp: 1703202114603
- kind: conda
  name: greenlet
  version: 3.0.3
  build: py312hede676d_0
  subdir: osx-64
  url: https://conda.anaconda.org/conda-forge/osx-64/greenlet-3.0.3-py312hede676d_0.conda
  sha256: 37dae8f15ecb190adcd5e5f527bed03751a866311b7eded89a59050425c84370
  md5: a2625dbdaf5969de36973cea17cc6ea8
  depends:
  - libcxx >=15
  - python >=3.12,<3.13.0a0
  - python_abi 3.12.* *_cp312
  license: MIT
  license_family: MIT
  size: 222396
  timestamp: 1703202211483
- kind: conda
  name: importlib-metadata
  version: 8.0.0
  build: pyha770c72_0
  subdir: noarch
  noarch: python
  url: https://conda.anaconda.org/conda-forge/noarch/importlib-metadata-8.0.0-pyha770c72_0.conda
  sha256: e40d7e71c37ec95df9a19d39f5bb7a567c325be3ccde06290a71400aab719cac
  md5: 3286556cdd99048d198f72c3f6f69103
  depends:
  - python >=3.8
  - zipp >=0.5
  license: Apache-2.0
  license_family: APACHE
  size: 27367
  timestamp: 1719361971438
- kind: conda
  name: importlib_resources
  version: 6.4.0
  build: pyhd8ed1ab_0
  subdir: noarch
  noarch: python
  url: https://conda.anaconda.org/conda-forge/noarch/importlib_resources-6.4.0-pyhd8ed1ab_0.conda
  sha256: c6ae80c0beaeabb342c5b041f19669992ae6e937dbec56ced766cb035900f9de
  md5: c5d3907ad8bd7bf557521a1833cf7e6d
  depends:
  - python >=3.8
  - zipp >=3.1.0
  constrains:
  - importlib-resources >=6.4.0,<6.4.1.0a0
  license: Apache-2.0
  license_family: APACHE
  size: 33056
  timestamp: 1711041009039
- kind: conda
  name: itsdangerous
  version: 2.2.0
  build: pyhd8ed1ab_0
  subdir: noarch
  noarch: python
  url: https://conda.anaconda.org/conda-forge/noarch/itsdangerous-2.2.0-pyhd8ed1ab_0.conda
  sha256: 4e933e36e9b0401b62ea8fd63393827ebeb4250de77a56687afb387d504523c5
  md5: ff7ca04134ee8dde1d7cf491a78ef7c7
  depends:
  - python >=3.8
  license: BSD-3-Clause
  license_family: BSD
  size: 19333
  timestamp: 1713372766463
- kind: conda
  name: jinja2
  version: 3.1.4
  build: pyhd8ed1ab_0
  subdir: noarch
  noarch: python
  url: https://conda.anaconda.org/conda-forge/noarch/jinja2-3.1.4-pyhd8ed1ab_0.conda
  sha256: 27380d870d42d00350d2d52598cddaf02f9505fb24be09488da0c9b8d1428f2d
  md5: 7b86ecb7d3557821c649b3c31e3eb9f2
  depends:
  - markupsafe >=2.0
  - python >=3.7
  license: BSD-3-Clause
  license_family: BSD
  size: 111565
  timestamp: 1715127275924
- kind: conda
  name: libblas
  version: 3.9.0
  build: 22_osx64_openblas
  build_number: 22
  subdir: osx-64
  url: https://conda.anaconda.org/conda-forge/osx-64/libblas-3.9.0-22_osx64_openblas.conda
  sha256: d72060239f904b3a81d2329efcf84dc62c2dfd66dbc4efc8dcae1afdf8f02b59
  md5: b80966a8c8dd0b531f8e65f709d732e8
  depends:
  - libopenblas >=0.3.27,<0.3.28.0a0
  - libopenblas >=0.3.27,<1.0a0
  constrains:
  - liblapacke 3.9.0 22_osx64_openblas
  - blas * openblas
  - libcblas 3.9.0 22_osx64_openblas
  - liblapack 3.9.0 22_osx64_openblas
  license: BSD-3-Clause
  license_family: BSD
  size: 14749
  timestamp: 1712542279018
- kind: conda
  name: libblas
  version: 3.9.0
  build: 22_osxarm64_openblas
  build_number: 22
  subdir: osx-arm64
  url: https://conda.anaconda.org/conda-forge/osx-arm64/libblas-3.9.0-22_osxarm64_openblas.conda
  sha256: 8620e13366076011cfcc6b2565c7a2d362c5d3f0423f54b9ef9bfc17b1a012a4
  md5: aeaf35355ef0f37c7c1ba35b7b7db55f
  depends:
  - libopenblas >=0.3.27,<0.3.28.0a0
  - libopenblas >=0.3.27,<1.0a0
  constrains:
  - blas * openblas
  - liblapack 3.9.0 22_osxarm64_openblas
  - liblapacke 3.9.0 22_osxarm64_openblas
  - libcblas 3.9.0 22_osxarm64_openblas
  license: BSD-3-Clause
  license_family: BSD
  size: 14824
  timestamp: 1712542396471
- kind: conda
  name: libcblas
  version: 3.9.0
  build: 22_osx64_openblas
  build_number: 22
  subdir: osx-64
  url: https://conda.anaconda.org/conda-forge/osx-64/libcblas-3.9.0-22_osx64_openblas.conda
  sha256: 6a2ba9198e2320c3e22fe3d121310cf8a8ac663e94100c5693b34523fcb3cc04
  md5: b9fef82772330f61b2b0201c72d2c29b
  depends:
  - libblas 3.9.0 22_osx64_openblas
  constrains:
  - liblapacke 3.9.0 22_osx64_openblas
  - blas * openblas
  - liblapack 3.9.0 22_osx64_openblas
  license: BSD-3-Clause
  license_family: BSD
  size: 14636
  timestamp: 1712542311437
- kind: conda
  name: libcblas
  version: 3.9.0
  build: 22_osxarm64_openblas
  build_number: 22
  subdir: osx-arm64
  url: https://conda.anaconda.org/conda-forge/osx-arm64/libcblas-3.9.0-22_osxarm64_openblas.conda
  sha256: 2c7902985dc77db1d7252b4e838d92a34b1729799ae402988d62d077868f6cca
  md5: 37b3682240a69874a22658dedbca37d9
  depends:
  - libblas 3.9.0 22_osxarm64_openblas
  constrains:
  - blas * openblas
  - liblapack 3.9.0 22_osxarm64_openblas
  - liblapacke 3.9.0 22_osxarm64_openblas
  license: BSD-3-Clause
  license_family: BSD
  size: 14741
  timestamp: 1712542420590
- kind: conda
  name: libcxx
  version: 17.0.6
  build: h0812c0d_3
  build_number: 3
  subdir: osx-arm64
  url: https://conda.anaconda.org/conda-forge/osx-arm64/libcxx-17.0.6-h0812c0d_3.conda
  sha256: a0568191ad6dc889d5482f7858e501f94d50139d1a0ef96434047fa34599e9a4
  md5: bb3540fadfee3013271e4323c8cb1ade
  depends:
  - __osx >=11.0
  license: Apache-2.0 WITH LLVM-exception
  license_family: Apache
  size: 1250190
  timestamp: 1720040315257
- kind: conda
  name: libcxx
  version: 17.0.6
  build: heb59cac_3
  build_number: 3
  subdir: osx-64
  url: https://conda.anaconda.org/conda-forge/osx-64/libcxx-17.0.6-heb59cac_3.conda
  sha256: 9df841c64b19a3843869467ff8ff2eb3f6c5491ebaac8fd94fb8029a5b00dcbf
  md5: ef15f182e353155497e13726b915bfc4
  depends:
  - __osx >=10.13
  license: Apache-2.0 WITH LLVM-exception
  license_family: Apache
  size: 1250659
  timestamp: 1720040263499
- kind: conda
  name: libexpat
  version: 2.6.2
  build: h73e2aa4_0
  subdir: osx-64
  url: https://conda.anaconda.org/conda-forge/osx-64/libexpat-2.6.2-h73e2aa4_0.conda
  sha256: a188a77b275d61159a32ab547f7d17892226e7dac4518d2c6ac3ac8fc8dfde92
  md5: 3d1d51c8f716d97c864d12f7af329526
  constrains:
  - expat 2.6.2.*
  license: MIT
  license_family: MIT
  size: 69246
  timestamp: 1710362566073
- kind: conda
  name: libexpat
  version: 2.6.2
  build: hebf3989_0
  subdir: osx-arm64
  url: https://conda.anaconda.org/conda-forge/osx-arm64/libexpat-2.6.2-hebf3989_0.conda
  sha256: ba7173ac30064ea901a4c9fb5a51846dcc25512ceb565759be7d18cbf3e5415e
  md5: e3cde7cfa87f82f7cb13d482d5e0ad09
  constrains:
  - expat 2.6.2.*
  license: MIT
  license_family: MIT
  size: 63655
  timestamp: 1710362424980
- kind: conda
  name: libffi
  version: 3.4.2
  build: h0d85af4_5
  build_number: 5
  subdir: osx-64
  url: https://conda.anaconda.org/conda-forge/osx-64/libffi-3.4.2-h0d85af4_5.tar.bz2
  sha256: 7a2d27a936ceee6942ea4d397f9c7d136f12549d86f7617e8b6bad51e01a941f
  md5: ccb34fb14960ad8b125962d3d79b31a9
  license: MIT
  license_family: MIT
  size: 51348
  timestamp: 1636488394370
- kind: conda
  name: libffi
  version: 3.4.2
  build: h3422bc3_5
  build_number: 5
  subdir: osx-arm64
  url: https://conda.anaconda.org/conda-forge/osx-arm64/libffi-3.4.2-h3422bc3_5.tar.bz2
  sha256: 41b3d13efb775e340e4dba549ab5c029611ea6918703096b2eaa9c015c0750ca
  md5: 086914b672be056eb70fd4285b6783b6
  license: MIT
  license_family: MIT
  size: 39020
  timestamp: 1636488587153
- kind: conda
  name: libgfortran
  version: 5.0.0
  build: 13_2_0_h97931a8_3
  build_number: 3
  subdir: osx-64
  url: https://conda.anaconda.org/conda-forge/osx-64/libgfortran-5.0.0-13_2_0_h97931a8_3.conda
  sha256: 4874422e567b68334705c135c17e5acdca1404de8255673ce30ad3510e00be0d
  md5: 0b6e23a012ee7a9a5f6b244f5a92c1d5
  depends:
  - libgfortran5 13.2.0 h2873a65_3
  license: GPL-3.0-only WITH GCC-exception-3.1
  license_family: GPL
  size: 110106
  timestamp: 1707328956438
- kind: conda
  name: libgfortran
  version: 5.0.0
  build: 13_2_0_hd922786_3
  build_number: 3
  subdir: osx-arm64
  url: https://conda.anaconda.org/conda-forge/osx-arm64/libgfortran-5.0.0-13_2_0_hd922786_3.conda
  sha256: 44e541b4821c96b28b27fef5630883a60ce4fee91fd9c79f25a199f8f73f337b
  md5: 4a55d9e169114b2b90d3ec4604cd7bbf
  depends:
  - libgfortran5 13.2.0 hf226fd6_3
  license: GPL-3.0-only WITH GCC-exception-3.1
  license_family: GPL
  size: 110233
  timestamp: 1707330749033
- kind: conda
  name: libgfortran5
  version: 13.2.0
  build: h2873a65_3
  build_number: 3
  subdir: osx-64
  url: https://conda.anaconda.org/conda-forge/osx-64/libgfortran5-13.2.0-h2873a65_3.conda
  sha256: da3db4b947e30aec7596a3ef92200d17e774cccbbf7efc47802529a4ca5ca31b
  md5: e4fb4d23ec2870ff3c40d10afe305aec
  depends:
  - llvm-openmp >=8.0.0
  constrains:
  - libgfortran 5.0.0 13_2_0_*_3
  license: GPL-3.0-only WITH GCC-exception-3.1
  license_family: GPL
  size: 1571379
  timestamp: 1707328880361
- kind: conda
  name: libgfortran5
  version: 13.2.0
  build: hf226fd6_3
  build_number: 3
  subdir: osx-arm64
  url: https://conda.anaconda.org/conda-forge/osx-arm64/libgfortran5-13.2.0-hf226fd6_3.conda
  sha256: bafc679eedb468a86aa4636061c55966186399ee0a04b605920d208d97ac579a
  md5: 66ac81d54e95c534ae488726c1f698ea
  depends:
  - llvm-openmp >=8.0.0
  constrains:
  - libgfortran 5.0.0 13_2_0_*_3
  license: GPL-3.0-only WITH GCC-exception-3.1
  license_family: GPL
  size: 997381
  timestamp: 1707330687590
- kind: conda
  name: liblapack
  version: 3.9.0
  build: 22_osx64_openblas
  build_number: 22
  subdir: osx-64
  url: https://conda.anaconda.org/conda-forge/osx-64/liblapack-3.9.0-22_osx64_openblas.conda
  sha256: e36744f3e780564d6748b5dd05e15ad6a1af9184cf32ab9d1304c13a6bc3e16b
  md5: f21b282ff7ba14df6134a0fe6ab42b1b
  depends:
  - libblas 3.9.0 22_osx64_openblas
  constrains:
  - liblapacke 3.9.0 22_osx64_openblas
  - blas * openblas
  - libcblas 3.9.0 22_osx64_openblas
  license: BSD-3-Clause
  license_family: BSD
  size: 14657
  timestamp: 1712542322711
- kind: conda
  name: liblapack
  version: 3.9.0
  build: 22_osxarm64_openblas
  build_number: 22
  subdir: osx-arm64
  url: https://conda.anaconda.org/conda-forge/osx-arm64/liblapack-3.9.0-22_osxarm64_openblas.conda
  sha256: 2b1b24c98d15a6a3ad54cf7c8fef1ddccf84b7c557cde08235aaeffd1ff50ee8
  md5: f2794950bc005e123b2c21f7fa3d7a6e
  depends:
  - libblas 3.9.0 22_osxarm64_openblas
  constrains:
  - blas * openblas
  - liblapacke 3.9.0 22_osxarm64_openblas
  - libcblas 3.9.0 22_osxarm64_openblas
  license: BSD-3-Clause
  license_family: BSD
  size: 14730
  timestamp: 1712542435551
- kind: conda
  name: libopenblas
  version: 0.3.27
  build: openmp_h6c19121_0
  subdir: osx-arm64
  url: https://conda.anaconda.org/conda-forge/osx-arm64/libopenblas-0.3.27-openmp_h6c19121_0.conda
  sha256: feb2662444fc98a4842fe54cc70b1f109b2146108e7bac2b3bbad1f219cede90
  md5: 82eba59f4eca26a9fc904d584f8761c0
  depends:
  - libgfortran 5.*
  - libgfortran5 >=12.3.0
  - llvm-openmp >=16.0.6
  constrains:
  - openblas >=0.3.27,<0.3.28.0a0
  license: BSD-3-Clause
  license_family: BSD
  size: 2925015
  timestamp: 1712364212874
- kind: conda
  name: libopenblas
  version: 0.3.27
  build: openmp_h8869122_1
  build_number: 1
  subdir: osx-64
  url: https://conda.anaconda.org/conda-forge/osx-64/libopenblas-0.3.27-openmp_h8869122_1.conda
  sha256: 83b0b9d3d09889b3648a81d2c18a2d78c405b03b115107941f0496a8b358ce6d
  md5: c0798ad76ddd730dade6ff4dff66e0b5
  depends:
  - __osx >=10.13
  - libgfortran 5.*
  - libgfortran5 >=12.3.0
  - llvm-openmp >=16.0.6
  constrains:
  - openblas >=0.3.27,<0.3.28.0a0
  license: BSD-3-Clause
  size: 6047513
  timestamp: 1720426759731
- kind: conda
  name: libsqlite
  version: 3.46.0
  build: h1b8f9f3_0
  subdir: osx-64
  url: https://conda.anaconda.org/conda-forge/osx-64/libsqlite-3.46.0-h1b8f9f3_0.conda
  sha256: 63af1a9e3284c7e4952364bafe7267e41e2d9d8bcc0e85a4ea4b0ec02d3693f6
  md5: 5dadfbc1a567fe6e475df4ce3148be09
  depends:
  - __osx >=10.13
  - libzlib >=1.2.13,<2.0a0
  license: Unlicense
  size: 908643
  timestamp: 1718050720117
- kind: conda
  name: libsqlite
  version: 3.46.0
  build: hfb93653_0
  subdir: osx-arm64
  url: https://conda.anaconda.org/conda-forge/osx-arm64/libsqlite-3.46.0-hfb93653_0.conda
  sha256: 73048f9cb8647d3d3bfe6021c0b7d663e12cffbe9b4f31bd081e713b0a9ad8f9
  md5: 12300188028c9bc02da965128b91b517
  depends:
  - __osx >=11.0
  - libzlib >=1.2.13,<2.0a0
  license: Unlicense
  size: 830198
  timestamp: 1718050644825
- kind: conda
  name: libzlib
  version: 1.3.1
  build: h87427d6_1
  build_number: 1
  subdir: osx-64
  url: https://conda.anaconda.org/conda-forge/osx-64/libzlib-1.3.1-h87427d6_1.conda
  sha256: 80a62db652b1da0ccc100812a1d86e94f75028968991bfb17f9536f3aa72d91d
  md5: b7575b5aa92108dcc9aaab0f05f2dbce
  depends:
  - __osx >=10.13
  constrains:
  - zlib 1.3.1 *_1
  license: Zlib
  license_family: Other
  size: 57372
  timestamp: 1716874211519
- kind: conda
  name: libzlib
  version: 1.3.1
  build: hfb2fe0b_1
  build_number: 1
  subdir: osx-arm64
  url: https://conda.anaconda.org/conda-forge/osx-arm64/libzlib-1.3.1-hfb2fe0b_1.conda
  sha256: c34365dd37b0eab27b9693af32a1f7f284955517c2cc91f1b88a7ef4738ff03e
  md5: 636077128927cf79fd933276dc3aed47
  depends:
  - __osx >=11.0
  constrains:
  - zlib 1.3.1 *_1
  license: Zlib
  license_family: Other
  size: 46921
  timestamp: 1716874262512
- kind: conda
  name: llvm-openmp
  version: 18.1.8
  build: h15ab845_0
  subdir: osx-64
  url: https://conda.anaconda.org/conda-forge/osx-64/llvm-openmp-18.1.8-h15ab845_0.conda
  sha256: 0fd74128806bd839c7a9aa343faf265b94aece84f75f67f14b6246936138e61e
  md5: 2c3c6c8aaf8728f87326964a82fdc7d8
  depends:
  - __osx >=10.13
  constrains:
  - openmp 18.1.8|18.1.8.*
  license: Apache-2.0 WITH LLVM-exception
  license_family: APACHE
  size: 300682
  timestamp: 1718887195436
- kind: conda
  name: llvm-openmp
  version: 18.1.8
  build: hde57baf_0
  subdir: osx-arm64
  url: https://conda.anaconda.org/conda-forge/osx-arm64/llvm-openmp-18.1.8-hde57baf_0.conda
  sha256: 42bc913b3c91934a1ce7ff635e87ee48e2e252632f0cbf607c5a3e4409d9f9dd
  md5: 82393fdbe38448d878a8848b6fcbcefb
  depends:
  - __osx >=11.0
  constrains:
  - openmp 18.1.8|18.1.8.*
  license: Apache-2.0 WITH LLVM-exception
  license_family: APACHE
  size: 276438
  timestamp: 1718911793488
- kind: conda
  name: mako
  version: 1.3.5
  build: pyhd8ed1ab_0
  subdir: noarch
  noarch: python
  url: https://conda.anaconda.org/conda-forge/noarch/mako-1.3.5-pyhd8ed1ab_0.conda
  sha256: f0b982e18e31ad373dd8f22ef5ffa0ae112fc13c573a5eb614814b4081c3ddcb
  md5: 29fddbfa0e2361636a98de4f46ead2ac
  depends:
  - importlib-metadata
  - markupsafe >=0.9.2
  - python >=3.6
  license: MIT
  license_family: MIT
  size: 67147
  timestamp: 1715711478583
- kind: conda
  name: markupsafe
  version: 2.1.5
  build: py312h41838bb_0
  subdir: osx-64
  url: https://conda.anaconda.org/conda-forge/osx-64/markupsafe-2.1.5-py312h41838bb_0.conda
  sha256: 8dc8f31f78d00713300da000b6ebaa1943a17c112f267de310d5c3d82950079c
  md5: c4a9c25c09cef3901789ca818d9beb10
  depends:
  - python >=3.12,<3.13.0a0
  - python_abi 3.12.* *_cp312
  constrains:
  - jinja2 >=3.0.0
  license: BSD-3-Clause
  license_family: BSD
  size: 25742
  timestamp: 1706900456837
- kind: conda
  name: markupsafe
  version: 2.1.5
  build: py312he37b823_0
  subdir: osx-arm64
  url: https://conda.anaconda.org/conda-forge/osx-arm64/markupsafe-2.1.5-py312he37b823_0.conda
  sha256: 61480b725490f68856dd14e646f51ffc34f77f2c985bd33e3b77c04b2856d97d
  md5: ba3a8f8cf8bbdb81394275b1e1d271da
  depends:
  - python >=3.12,<3.13.0a0
  - python >=3.12,<3.13.0a0 *_cpython
  - python_abi 3.12.* *_cp312
  constrains:
  - jinja2 >=3.0.0
  license: BSD-3-Clause
  license_family: BSD
  size: 26382
  timestamp: 1706900495057
- kind: conda
  name: mysql-common
  version: 8.3.0
  build: hd1853d3_4
  build_number: 4
  subdir: osx-arm64
  url: https://conda.anaconda.org/conda-forge/osx-arm64/mysql-common-8.3.0-hd1853d3_4.conda
  sha256: 4ed97297f0278c01ea21eb20335141d5bfb29f5820fabd03f8bc1cb74d3fe9a7
  md5: f93a6079f12ef00195d7d0b96ff98191
  depends:
  - libcxx >=16
  - openssl >=3.2.1,<4.0a0
  license: GPL-2.0-or-later
  license_family: GPL
  size: 800889
  timestamp: 1709915847564
- kind: conda
  name: mysql-common
  version: 8.3.0
  build: hfd7a639_4
  build_number: 4
  subdir: osx-64
  url: https://conda.anaconda.org/conda-forge/osx-64/mysql-common-8.3.0-hfd7a639_4.conda
  sha256: 1829b8a277bf7f078c9e3c78a4404b31d77b9e9c006b890435e68438c22c2caf
  md5: 65af0764c5a5617539d07c9d243250e3
  depends:
  - libcxx >=16
  - openssl >=3.2.1,<4.0a0
  license: GPL-2.0-or-later
  license_family: GPL
  size: 776212
  timestamp: 1709914020238
- kind: conda
  name: mysql-connector-python
  version: 8.3.0
  build: py312h20a0b95_0
  subdir: osx-arm64
  url: https://conda.anaconda.org/conda-forge/osx-arm64/mysql-connector-python-8.3.0-py312h20a0b95_0.conda
  sha256: e6fb42947c58fb314e10d36757b1ca77028ba9746f1f71a6b03e7d60df4c2165
  md5: 4c9f4dbb71fc9b84c172a3e95ac7c1ed
  depends:
  - mysql-libs >=8.3.0,<8.4.0a0
  - python >=3.12,<3.13.0a0
  - python >=3.12,<3.13.0a0 *_cpython
  - python_abi 3.12.* *_cp312
  license: GPL-2.0-or-later WITH Universal-FOSS-exception-1.0
  license_family: GPL
  size: 780204
  timestamp: 1708692481630
- kind: conda
  name: mysql-connector-python
  version: 8.3.0
  build: py312hb406245_0
  subdir: osx-64
  url: https://conda.anaconda.org/conda-forge/osx-64/mysql-connector-python-8.3.0-py312hb406245_0.conda
  sha256: 4d6a5b636743c8c9f79b1e67d6b9482430760acb9c5f4689e5728ce598af4fc1
  md5: c9237b328b2fb7ef1f844f164629052a
  depends:
  - __osx >=10.13
  - mysql-libs >=8.3.0,<8.4.0a0
  - python >=3.12,<3.13.0a0
  - python_abi 3.12.* *_cp312
  license: GPL-2.0-or-later WITH Universal-FOSS-exception-1.0
  license_family: GPL
  size: 782504
  timestamp: 1708692367727
- kind: conda
  name: mysql-libs
  version: 8.3.0
  build: ha9146f8_4
  build_number: 4
  subdir: osx-64
  url: https://conda.anaconda.org/conda-forge/osx-64/mysql-libs-8.3.0-ha9146f8_4.conda
  sha256: eaabfabb3c39f569a062f1235ff97eb208716ed847ab98b0d2040b2d8acea73b
  md5: 507610a153e96fad858e1735779b3781
  depends:
  - libcxx >=16
  - libzlib >=1.2.13,<2.0.0a0
  - mysql-common 8.3.0 hfd7a639_4
  - openssl >=3.2.1,<4.0a0
  - zstd >=1.5.5,<1.6.0a0
  license: GPL-2.0-or-later
  license_family: GPL
  size: 1527176
  timestamp: 1709914179461
- kind: conda
  name: mysql-libs
  version: 8.3.0
  build: hf036fc4_4
  build_number: 4
  subdir: osx-arm64
  url: https://conda.anaconda.org/conda-forge/osx-arm64/mysql-libs-8.3.0-hf036fc4_4.conda
  sha256: a48101c076f9a038bd3cfa822df2b20fdc0ccce88f9000c7bee8f6d53a1cc64e
  md5: 9cb8011d749d99db2cba868053bcd8cb
  depends:
  - libcxx >=16
  - libzlib >=1.2.13,<2.0.0a0
  - mysql-common 8.3.0 hd1853d3_4
  - openssl >=3.2.1,<4.0a0
  - zstd >=1.5.5,<1.6.0a0
  license: GPL-2.0-or-later
  license_family: GPL
  size: 1541174
  timestamp: 1709915999617
- kind: conda
  name: ncurses
  version: '6.5'
  build: h5846eda_0
  subdir: osx-64
  url: https://conda.anaconda.org/conda-forge/osx-64/ncurses-6.5-h5846eda_0.conda
  sha256: 6ecc73db0e49143092c0934355ac41583a5d5a48c6914c5f6ca48e562d3a4b79
  md5: 02a888433d165c99bf09784a7b14d900
  license: X11 AND BSD-3-Clause
  size: 823601
  timestamp: 1715195267791
- kind: conda
  name: ncurses
  version: '6.5'
  build: hb89a1cb_0
  subdir: osx-arm64
  url: https://conda.anaconda.org/conda-forge/osx-arm64/ncurses-6.5-hb89a1cb_0.conda
  sha256: 87d7cf716d9d930dab682cb57b3b8d3a61940b47d6703f3529a155c938a6990a
  md5: b13ad5724ac9ae98b6b4fd87e4500ba4
  license: X11 AND BSD-3-Clause
  size: 795131
  timestamp: 1715194898402
- kind: conda
  name: numpy
  version: 2.0.0
  build: py312h8813227_0
  subdir: osx-64
  url: https://conda.anaconda.org/conda-forge/osx-64/numpy-2.0.0-py312h8813227_0.conda
  sha256: c83b985945095b04c4ba4828eea4ddb0b9b5546518b39d4b91c32afbf7838cde
  md5: 814dba0ed2de85d89e09a5b811024a86
  depends:
  - __osx >=10.13
  - libblas >=3.9.0,<4.0a0
  - libcblas >=3.9.0,<4.0a0
  - libcxx >=16
  - liblapack >=3.9.0,<4.0a0
  - python >=3.12,<3.13.0a0
  - python_abi 3.12.* *_cp312
  constrains:
  - numpy-base <0a0
  license: BSD-3-Clause
  license_family: BSD
  size: 7479080
  timestamp: 1718615564653
- kind: conda
  name: numpy
  version: 2.0.0
  build: py312hb544834_0
  subdir: osx-arm64
  url: https://conda.anaconda.org/conda-forge/osx-arm64/numpy-2.0.0-py312hb544834_0.conda
  sha256: 7015b30c00e8eb6a8abd639a7683f3c57b2abd090e74cda6179ab5f5d6974575
  md5: 2ee98af1e5c917e3e1410758ab889e7a
  depends:
  - __osx >=11.0
  - libblas >=3.9.0,<4.0a0
  - libcblas >=3.9.0,<4.0a0
  - libcxx >=16
  - liblapack >=3.9.0,<4.0a0
  - python >=3.12,<3.13.0a0
  - python >=3.12,<3.13.0a0 *_cpython
  - python_abi 3.12.* *_cp312
  constrains:
  - numpy-base <0a0
  license: BSD-3-Clause
  license_family: BSD
  size: 6359802
  timestamp: 1718615501795
- kind: conda
  name: openssl
  version: 3.3.1
  build: h87427d6_1
  build_number: 1
  subdir: osx-64
  url: https://conda.anaconda.org/conda-forge/osx-64/openssl-3.3.1-h87427d6_1.conda
  sha256: 60eed5d771207bcef05e0547c8f93a61d0ad1dcf75e19f8f8d9ded8094d78477
  md5: d838ffe9ec3c6d971f110e04487466ff
  depends:
  - __osx >=10.13
  - ca-certificates
  constrains:
  - pyopenssl >=22.1
  license: Apache-2.0
  license_family: Apache
  size: 2551950
  timestamp: 1719364820943
- kind: conda
  name: openssl
  version: 3.3.1
  build: hfb2fe0b_1
  build_number: 1
  subdir: osx-arm64
  url: https://conda.anaconda.org/conda-forge/osx-arm64/openssl-3.3.1-hfb2fe0b_1.conda
  sha256: 3ab411856c3bef88595473f0dd86e82de4f913f88319548acf262d5b1175b050
  md5: c665dec48e08311096823956642a501c
  depends:
  - __osx >=11.0
  - ca-certificates
  constrains:
  - pyopenssl >=22.1
  license: Apache-2.0
  license_family: Apache
  size: 2897767
  timestamp: 1719363723462
- kind: conda
  name: python
  version: 3.12.4
  build: h30c5eda_0_cpython
  subdir: osx-arm64
  url: https://conda.anaconda.org/conda-forge/osx-arm64/python-3.12.4-h30c5eda_0_cpython.conda
  sha256: 107824b584eb5e43f71df8cb2741019f5c377c734f8309899aa2a6ed53b79a47
  md5: e3e44e0e72aed46dcb810fa3e96784be
  depends:
  - __osx >=11.0
  - bzip2 >=1.0.8,<2.0a0
  - libexpat >=2.6.2,<3.0a0
  - libffi >=3.4,<4.0a0
  - libsqlite >=3.46.0,<4.0a0
  - libzlib >=1.3.1,<2.0a0
  - ncurses >=6.5,<7.0a0
  - openssl >=3.3.1,<4.0a0
  - readline >=8.2,<9.0a0
  - tk >=8.6.13,<8.7.0a0
  - tzdata
  - xz >=5.2.6,<6.0a0
  constrains:
  - python_abi 3.12.* *_cp312
  license: Python-2.0
  size: 12183332
  timestamp: 1718619490228
- kind: conda
  name: python
  version: 3.12.4
  build: h37a9e06_0_cpython
  subdir: osx-64
  url: https://conda.anaconda.org/conda-forge/osx-64/python-3.12.4-h37a9e06_0_cpython.conda
  sha256: 677958ee90eff229755d4e0ed40af6d835c9131e863b1539b34bbf07d7a775f3
  md5: 94e2b77992f580ac6b7a4fc9b53018b3
  depends:
  - __osx >=10.13
  - bzip2 >=1.0.8,<2.0a0
  - libexpat >=2.6.2,<3.0a0
  - libffi >=3.4,<4.0a0
  - libsqlite >=3.46.0,<4.0a0
  - libzlib >=1.3.1,<2.0a0
  - ncurses >=6.5,<7.0a0
  - openssl >=3.3.1,<4.0a0
  - readline >=8.2,<9.0a0
  - tk >=8.6.13,<8.7.0a0
  - tzdata
  - xz >=5.2.6,<6.0a0
  constrains:
  - python_abi 3.12.* *_cp312
  license: Python-2.0
  size: 13848015
  timestamp: 1718619909707
- kind: conda
  name: python_abi
  version: '3.12'
  build: 4_cp312
  build_number: 4
  subdir: osx-64
  url: https://conda.anaconda.org/conda-forge/osx-64/python_abi-3.12-4_cp312.conda
  sha256: 82c154d95c1637604671a02a89e72f1382e89a4269265a03506496bd928f6f14
  md5: 87201ac4314b911b74197e588cca3639
  constrains:
  - python 3.12.* *_cpython
  license: BSD-3-Clause
  license_family: BSD
  size: 6496
  timestamp: 1695147498447
- kind: conda
  name: python_abi
  version: '3.12'
  build: 4_cp312
  build_number: 4
  subdir: osx-arm64
  url: https://conda.anaconda.org/conda-forge/osx-arm64/python_abi-3.12-4_cp312.conda
  sha256: db25428e4f24f8693ffa39f3ff6dfbb8fd53bc298764b775b57edab1c697560f
  md5: bbb3a02c78b2d8219d7213f76d644a2a
  constrains:
  - python 3.12.* *_cpython
  license: BSD-3-Clause
  license_family: BSD
  size: 6508
  timestamp: 1695147497048
- kind: conda
  name: readline
  version: '8.2'
  build: h92ec313_1
  build_number: 1
  subdir: osx-arm64
  url: https://conda.anaconda.org/conda-forge/osx-arm64/readline-8.2-h92ec313_1.conda
  sha256: a1dfa679ac3f6007362386576a704ad2d0d7a02e98f5d0b115f207a2da63e884
  md5: 8cbb776a2f641b943d413b3e19df71f4
  depends:
  - ncurses >=6.3,<7.0a0
  license: GPL-3.0-only
  license_family: GPL
  size: 250351
  timestamp: 1679532511311
- kind: conda
  name: readline
  version: '8.2'
  build: h9e318b2_1
  build_number: 1
  subdir: osx-64
  url: https://conda.anaconda.org/conda-forge/osx-64/readline-8.2-h9e318b2_1.conda
  sha256: 41e7d30a097d9b060037f0c6a2b1d4c4ae7e942c06c943d23f9d481548478568
  md5: f17f77f2acf4d344734bda76829ce14e
  depends:
  - ncurses >=6.3,<7.0a0
  license: GPL-3.0-only
  license_family: GPL
  size: 255870
  timestamp: 1679532707590
- kind: conda
  name: sqlalchemy
  version: 2.0.31
  build: py312h7e5086c_0
  subdir: osx-arm64
  url: https://conda.anaconda.org/conda-forge/osx-arm64/sqlalchemy-2.0.31-py312h7e5086c_0.conda
  sha256: 519d3da40f13f8b7f602ecd8f2f85e9d2271f4f57c95276011a31318d37a4e44
  md5: acaa288b3fe2f9ab799c8b9ec6e32979
  depends:
  - __osx >=11.0
  - greenlet !=0.4.17
  - python >=3.12,<3.13.0a0
  - python >=3.12,<3.13.0a0 *_cpython
  - python_abi 3.12.* *_cp312
  - typing-extensions >=4.6.0
  license: MIT
  license_family: MIT
  size: 3459336
  timestamp: 1718781480950
- kind: conda
  name: sqlalchemy
  version: 2.0.31
  build: py312hbd25219_0
  subdir: osx-64
  url: https://conda.anaconda.org/conda-forge/osx-64/sqlalchemy-2.0.31-py312hbd25219_0.conda
  sha256: 61ec515da408c009eda5d17869161df757dc0aef0cacd3b68749d04c54d9644c
  md5: fc27c3c584ce634eb9358ab7e55d39db
  depends:
  - __osx >=10.13
  - greenlet !=0.4.17
  - python >=3.12,<3.13.0a0
  - python_abi 3.12.* *_cp312
  - typing-extensions >=4.6.0
  license: MIT
  license_family: MIT
  size: 3442561
  timestamp: 1718781374126
- kind: conda
  name: tk
  version: 8.6.13
  build: h1abcd95_1
  build_number: 1
  subdir: osx-64
  url: https://conda.anaconda.org/conda-forge/osx-64/tk-8.6.13-h1abcd95_1.conda
  sha256: 30412b2e9de4ff82d8c2a7e5d06a15f4f4fef1809a72138b6ccb53a33b26faf5
  md5: bf830ba5afc507c6232d4ef0fb1a882d
  depends:
  - libzlib >=1.2.13,<2.0.0a0
  license: TCL
  license_family: BSD
  size: 3270220
  timestamp: 1699202389792
- kind: conda
  name: tk
  version: 8.6.13
  build: h5083fa2_1
  build_number: 1
  subdir: osx-arm64
  url: https://conda.anaconda.org/conda-forge/osx-arm64/tk-8.6.13-h5083fa2_1.conda
  sha256: 72457ad031b4c048e5891f3f6cb27a53cb479db68a52d965f796910e71a403a8
  md5: b50a57ba89c32b62428b71a875291c9b
  depends:
  - libzlib >=1.2.13,<2.0.0a0
  license: TCL
  license_family: BSD
  size: 3145523
  timestamp: 1699202432999
- kind: conda
  name: typing-extensions
  version: 4.12.2
  build: hd8ed1ab_0
  subdir: noarch
  noarch: python
  url: https://conda.anaconda.org/conda-forge/noarch/typing-extensions-4.12.2-hd8ed1ab_0.conda
  sha256: d3b9a8ed6da7c9f9553c5fd8a4fca9c3e0ab712fa5f497859f82337d67533b73
  md5: 52d648bd608f5737b123f510bb5514b5
  depends:
  - typing_extensions 4.12.2 pyha770c72_0
  license: PSF-2.0
  license_family: PSF
  size: 10097
  timestamp: 1717802659025
- kind: conda
  name: typing_extensions
  version: 4.12.2
  build: pyha770c72_0
  subdir: noarch
  noarch: python
  url: https://conda.anaconda.org/conda-forge/noarch/typing_extensions-4.12.2-pyha770c72_0.conda
  sha256: 0fce54f8ec3e59f5ef3bb7641863be4e1bf1279623e5af3d3fa726e8f7628ddb
  md5: ebe6952715e1d5eb567eeebf25250fa7
  depends:
  - python >=3.8
  license: PSF-2.0
  license_family: PSF
  size: 39888
  timestamp: 1717802653893
- kind: conda
  name: tzdata
  version: 2024a
  build: h0c530f3_0
  subdir: noarch
  noarch: generic
  url: https://conda.anaconda.org/conda-forge/noarch/tzdata-2024a-h0c530f3_0.conda
  sha256: 7b2b69c54ec62a243eb6fba2391b5e443421608c3ae5dbff938ad33ca8db5122
  md5: 161081fc7cec0bfda0d86d7cb595f8d8
  license: LicenseRef-Public-Domain
  size: 119815
  timestamp: 1706886945727
- kind: conda
  name: werkzeug
  version: 3.0.3
  build: pyhd8ed1ab_0
  subdir: noarch
  noarch: python
  url: https://conda.anaconda.org/conda-forge/noarch/werkzeug-3.0.3-pyhd8ed1ab_0.conda
  sha256: a77d0c67096999c35854e0480e3b978ef72ee008e295e92b0dc67116b2398661
  md5: 2e60f5f388845027ee87fca6bee4ac23
  depends:
  - markupsafe >=2.1.1
  - python >=3.8
  license: BSD-3-Clause
  license_family: BSD
  size: 242920
  timestamp: 1715000337645
- kind: conda
  name: xz
  version: 5.2.6
  build: h57fd34a_0
  subdir: osx-arm64
  url: https://conda.anaconda.org/conda-forge/osx-arm64/xz-5.2.6-h57fd34a_0.tar.bz2
  sha256: 59d78af0c3e071021cfe82dc40134c19dab8cdf804324b62940f5c8cd71803ec
  md5: 39c6b54e94014701dd157f4f576ed211
  license: LGPL-2.1 and GPL-2.0
  size: 235693
  timestamp: 1660346961024
- kind: conda
  name: xz
  version: 5.2.6
  build: h775f41a_0
  subdir: osx-64
  url: https://conda.anaconda.org/conda-forge/osx-64/xz-5.2.6-h775f41a_0.tar.bz2
  sha256: eb09823f34cc2dd663c0ec4ab13f246f45dcd52e5b8c47b9864361de5204a1c8
  md5: a72f9d4ea13d55d745ff1ed594747f10
  license: LGPL-2.1 and GPL-2.0
  size: 238119
  timestamp: 1660346964847
- kind: conda
  name: zipp
  version: 3.19.2
  build: pyhd8ed1ab_0
  subdir: noarch
  noarch: python
  url: https://conda.anaconda.org/conda-forge/noarch/zipp-3.19.2-pyhd8ed1ab_0.conda
  sha256: e3e9c8501f581bfdc4700b83ea283395e237ec6b9b5cbfbedb556e1da6f4fdc9
  md5: 49808e59df5535116f6878b2a820d6f4
  depends:
  - python >=3.8
  license: MIT
  license_family: MIT
  size: 20917
  timestamp: 1718013395428
- kind: conda
  name: zstd
  version: 1.5.6
  build: h915ae27_0
  subdir: osx-64
  url: https://conda.anaconda.org/conda-forge/osx-64/zstd-1.5.6-h915ae27_0.conda
  sha256: efa04a98cb149643fa54c4dad5a0179e36a5fbc88427ea0eec88ceed87fd0f96
  md5: 4cb2cd56f039b129bb0e491c1164167e
  depends:
  - __osx >=10.9
  - libzlib >=1.2.13,<2.0.0a0
  license: BSD-3-Clause
  license_family: BSD
  size: 498900
  timestamp: 1714723303098
- kind: conda
  name: zstd
  version: 1.5.6
  build: hb46c0d2_0
  subdir: osx-arm64
  url: https://conda.anaconda.org/conda-forge/osx-arm64/zstd-1.5.6-hb46c0d2_0.conda
  sha256: 2d4fd1ff7ee79cd954ca8e81abf11d9d49954dd1fef80f27289e2402ae9c2e09
  md5: d96942c06c3e84bfcc5efb038724a7fd
  depends:
  - __osx >=11.0
  - libzlib >=1.2.13,<2.0.0a0
  license: BSD-3-Clause
  license_family: BSD
  size: 405089
  timestamp: 1714723101397
